
Microsoft Visual Studio Solution File, Format Version 12.00
# Visual Studio Version 17
VisualStudioVersion = 17.2.32519.379
MinimumVisualStudioVersion = 10.0.40219.1
Project("{FAE04EC0-301F-11D3-BF4B-00C04F79EFBC}") = "prueba1", "prueba1\prueba1.csproj", "{34F0A59D-088B-4E96-9717-F66FBB16DC92}"
EndProject
Project("{2150E333-8FDC-42A3-9474-1A3956D46DE8}") = "Elementos de la solución", "Elementos de la solución", "{9EAED27B-35F5-4861-92F7-218EF2160F2F}"
	ProjectSection(SolutionItems) = preProject
		Class1.cs = Class1.cs
	EndProjectSection
EndProject
Global
	GlobalSection(SolutionConfigurationPlatforms) = preSolution
		Debug|Any CPU = Debug|Any CPU
		Release|Any CPU = Release|Any CPU
	EndGlobalSection
	GlobalSection(ProjectConfigurationPlatforms) = postSolution
		{34F0A59D-088B-4E96-9717-F66FBB16DC92}.Debug|Any CPU.ActiveCfg = Debug|Any CPU
		{34F0A59D-088B-4E96-9717-F66FBB16DC92}.Debug|Any CPU.Build.0 = Debug|Any CPU
		{34F0A59D-088B-4E96-9717-F66FBB16DC92}.Release|Any CPU.ActiveCfg = Release|Any CPU
		{34F0A59D-088B-4E96-9717-F66FBB16DC92}.Release|Any CPU.Build.0 = Release|Any CPU
	EndGlobalSection
	GlobalSection(SolutionProperties) = preSolution
		HideSolutionNode = FALSE
	EndGlobalSection
	GlobalSection(ExtensibilityGlobals) = postSolution
		SolutionGuid = {C61DF4F9-03B1-4D01-A81A-6A60D4985516}
	EndGlobalSection
EndGlobal
